// !$*UTF8*$!
{
	archiveVersion = 1;
	classes = {
	};
	objectVersion = 46;
	objects = {

/* Begin PBXBuildFile section */
		A813BCEF1AEFB097009FF313 /* table_90x90.png in Resources */ = {isa = PBXBuildFile; fileRef = A813BCE61AEFB097009FF313 /* table_90x90.png */; };
		A813BCF01AEFB097009FF313 /* table_60x60.png in Resources */ = {isa = PBXBuildFile; fileRef = A813BCE71AEFB097009FF313 /* table_60x60.png */; };
		A813BCF11AEFB097009FF313 /* table_30x30.png in Resources */ = {isa = PBXBuildFile; fileRef = A813BCE81AEFB097009FF313 /* table_30x30.png */; };
		A813BCF21AEFB097009FF313 /* MemeGenerator_180 copy.png in Resources */ = {isa = PBXBuildFile; fileRef = A813BCE91AEFB097009FF313 /* MemeGenerator_180 copy.png */; };
		A813BCF31AEFB097009FF313 /* MemeGenerator_120 copy.png in Resources */ = {isa = PBXBuildFile; fileRef = A813BCEA1AEFB097009FF313 /* MemeGenerator_120 copy.png */; };
		A813BCF41AEFB097009FF313 /* LaunchImage.png in Resources */ = {isa = PBXBuildFile; fileRef = A813BCEB1AEFB097009FF313 /* LaunchImage.png */; };
		A813BCF51AEFB097009FF313 /* collection_90x90.png in Resources */ = {isa = PBXBuildFile; fileRef = A813BCEC1AEFB097009FF313 /* collection_90x90.png */; };
		A813BCF61AEFB097009FF313 /* collection_60x60.png in Resources */ = {isa = PBXBuildFile; fileRef = A813BCED1AEFB097009FF313 /* collection_60x60.png */; };
		A813BCF71AEFB097009FF313 /* collection_30x30.png in Resources */ = {isa = PBXBuildFile; fileRef = A813BCEE1AEFB097009FF313 /* collection_30x30.png */; };
		A8174EAC1AEF887800ED3CEC /* MemeDetailViewController.swift in Sources */ = {isa = PBXBuildFile; fileRef = A8174EAB1AEF887800ED3CEC /* MemeDetailViewController.swift */; };
		A84976E81AEF5F6B00D48383 /* MemeCollectionViewController.swift in Sources */ = {isa = PBXBuildFile; fileRef = A84976E71AEF5F6B00D48383 /* MemeCollectionViewController.swift */; };
		A876575E1AEE2FE900D39D37 /* Meme.swift in Sources */ = {isa = PBXBuildFile; fileRef = A876575D1AEE2FE900D39D37 /* Meme.swift */; };
		A87883CA1AED91F700EE1BB8 /* AppDelegate.swift in Sources */ = {isa = PBXBuildFile; fileRef = A87883C91AED91F700EE1BB8 /* AppDelegate.swift */; };
		A87883CC1AED91F700EE1BB8 /* MemeTableViewController.swift in Sources */ = {isa = PBXBuildFile; fileRef = A87883CB1AED91F700EE1BB8 /* MemeTableViewController.swift */; };
		A87883CF1AED91F700EE1BB8 /* Main.storyboard in Resources */ = {isa = PBXBuildFile; fileRef = A87883CD1AED91F700EE1BB8 /* Main.storyboard */; };
		A87883D11AED91F700EE1BB8 /* Images.xcassets in Resources */ = {isa = PBXBuildFile; fileRef = A87883D01AED91F700EE1BB8 /* Images.xcassets */; };
		A87883D41AED91F700EE1BB8 /* LaunchScreen.xib in Resources */ = {isa = PBXBuildFile; fileRef = A87883D21AED91F700EE1BB8 /* LaunchScreen.xib */; };
		A87883E01AED91F800EE1BB8 /* MemeMeTests.swift in Sources */ = {isa = PBXBuildFile; fileRef = A87883DF1AED91F800EE1BB8 /* MemeMeTests.swift */; };
		A87883EA1AED92F800EE1BB8 /* MemeEditorViewController.swift in Sources */ = {isa = PBXBuildFile; fileRef = A87883E91AED92F800EE1BB8 /* MemeEditorViewController.swift */; };
		A8DAE0631AF367F600383E24 /* close@2x.png in Resources */ = {isa = PBXBuildFile; fileRef = A8DAE0621AF367F600383E24 /* close@2x.png */; };
		A8FEB2801AEFB7B300A8A2ED /* MemeCollectionViewCell.swift in Sources */ = {isa = PBXBuildFile; fileRef = A8FEB27F1AEFB7B300A8A2ED /* MemeCollectionViewCell.swift */; };
/* End PBXBuildFile section */

/* Begin PBXContainerItemProxy section */
		A87883DA1AED91F800EE1BB8 /* PBXContainerItemProxy */ = {
			isa = PBXContainerItemProxy;
			containerPortal = A87883BC1AED91F700EE1BB8 /* Project object */;
			proxyType = 1;
			remoteGlobalIDString = A87883C31AED91F700EE1BB8;
			remoteInfo = MemeMe;
		};
/* End PBXContainerItemProxy section */

/* Begin PBXFileReference section */
		A813BCE61AEFB097009FF313 /* table_90x90.png */ = {isa = PBXFileReference; lastKnownFileType = image.png; path = table_90x90.png; sourceTree = "<group>"; };
		A813BCE71AEFB097009FF313 /* table_60x60.png */ = {isa = PBXFileReference; lastKnownFileType = image.png; path = table_60x60.png; sourceTree = "<group>"; };
		A813BCE81AEFB097009FF313 /* table_30x30.png */ = {isa = PBXFileReference; lastKnownFileType = image.png; path = table_30x30.png; sourceTree = "<group>"; };
		A813BCE91AEFB097009FF313 /* MemeGenerator_180 copy.png */ = {isa = PBXFileReference; lastKnownFileType = image.png; path = "MemeGenerator_180 copy.png"; sourceTree = "<group>"; };
		A813BCEA1AEFB097009FF313 /* MemeGenerator_120 copy.png */ = {isa = PBXFileReference; lastKnownFileType = image.png; path = "MemeGenerator_120 copy.png"; sourceTree = "<group>"; };
		A813BCEB1AEFB097009FF313 /* LaunchImage.png */ = {isa = PBXFileReference; lastKnownFileType = image.png; path = LaunchImage.png; sourceTree = "<group>"; };
		A813BCEC1AEFB097009FF313 /* collection_90x90.png */ = {isa = PBXFileReference; lastKnownFileType = image.png; path = collection_90x90.png; sourceTree = "<group>"; };
		A813BCED1AEFB097009FF313 /* collection_60x60.png */ = {isa = PBXFileReference; lastKnownFileType = image.png; path = collection_60x60.png; sourceTree = "<group>"; };
		A813BCEE1AEFB097009FF313 /* collection_30x30.png */ = {isa = PBXFileReference; lastKnownFileType = image.png; path = collection_30x30.png; sourceTree = "<group>"; };
		A8174EAB1AEF887800ED3CEC /* MemeDetailViewController.swift */ = {isa = PBXFileReference; fileEncoding = 4; lastKnownFileType = sourcecode.swift; path = MemeDetailViewController.swift; sourceTree = "<group>"; };
		A84976E71AEF5F6B00D48383 /* MemeCollectionViewController.swift */ = {isa = PBXFileReference; fileEncoding = 4; lastKnownFileType = sourcecode.swift; path = MemeCollectionViewController.swift; sourceTree = "<group>"; };
		A876575D1AEE2FE900D39D37 /* Meme.swift */ = {isa = PBXFileReference; fileEncoding = 4; lastKnownFileType = sourcecode.swift; path = Meme.swift; sourceTree = "<group>"; };
		A87883C41AED91F700EE1BB8 /* MemeMe.app */ = {isa = PBXFileReference; explicitFileType = wrapper.application; includeInIndex = 0; path = MemeMe.app; sourceTree = BUILT_PRODUCTS_DIR; };
		A87883C81AED91F700EE1BB8 /* Info.plist */ = {isa = PBXFileReference; lastKnownFileType = text.plist.xml; path = Info.plist; sourceTree = "<group>"; };
		A87883C91AED91F700EE1BB8 /* AppDelegate.swift */ = {isa = PBXFileReference; lastKnownFileType = sourcecode.swift; path = AppDelegate.swift; sourceTree = "<group>"; };
		A87883CB1AED91F700EE1BB8 /* MemeTableViewController.swift */ = {isa = PBXFileReference; lastKnownFileType = sourcecode.swift; path = MemeTableViewController.swift; sourceTree = "<group>"; };
		A87883CE1AED91F700EE1BB8 /* Base */ = {isa = PBXFileReference; lastKnownFileType = file.storyboard; name = Base; path = Base.lproj/Main.storyboard; sourceTree = "<group>"; };
		A87883D01AED91F700EE1BB8 /* Images.xcassets */ = {isa = PBXFileReference; lastKnownFileType = folder.assetcatalog; path = Images.xcassets; sourceTree = "<group>"; };
		A87883D31AED91F700EE1BB8 /* Base */ = {isa = PBXFileReference; lastKnownFileType = file.xib; name = Base; path = Base.lproj/LaunchScreen.xib; sourceTree = "<group>"; };
		A87883D91AED91F800EE1BB8 /* MemeMeTests.xctest */ = {isa = PBXFileReference; explicitFileType = wrapper.cfbundle; includeInIndex = 0; path = MemeMeTests.xctest; sourceTree = BUILT_PRODUCTS_DIR; };
		A87883DE1AED91F800EE1BB8 /* Info.plist */ = {isa = PBXFileReference; lastKnownFileType = text.plist.xml; path = Info.plist; sourceTree = "<group>"; };
		A87883DF1AED91F800EE1BB8 /* MemeMeTests.swift */ = {isa = PBXFileReference; lastKnownFileType = sourcecode.swift; path = MemeMeTests.swift; sourceTree = "<group>"; };
		A87883E91AED92F800EE1BB8 /* MemeEditorViewController.swift */ = {isa = PBXFileReference; fileEncoding = 4; lastKnownFileType = sourcecode.swift; path = MemeEditorViewController.swift; sourceTree = "<group>"; };
		A8DAE0621AF367F600383E24 /* close@2x.png */ = {isa = PBXFileReference; lastKnownFileType = image.png; path = "close@2x.png"; sourceTree = "<group>"; };
		A8FEB27F1AEFB7B300A8A2ED /* MemeCollectionViewCell.swift */ = {isa = PBXFileReference; fileEncoding = 4; lastKnownFileType = sourcecode.swift; path = MemeCollectionViewCell.swift; sourceTree = "<group>"; };
/* End PBXFileReference section */

/* Begin PBXFrameworksBuildPhase section */
		A87883C11AED91F700EE1BB8 /* Frameworks */ = {
			isa = PBXFrameworksBuildPhase;
			buildActionMask = 2147483647;
			files = (
			);
			runOnlyForDeploymentPostprocessing = 0;
		};
		A87883D61AED91F800EE1BB8 /* Frameworks */ = {
			isa = PBXFrameworksBuildPhase;
			buildActionMask = 2147483647;
			files = (
			);
			runOnlyForDeploymentPostprocessing = 0;
		};
/* End PBXFrameworksBuildPhase section */

/* Begin PBXGroup section */
		A87883BB1AED91F700EE1BB8 = {
			isa = PBXGroup;
			children = (
				A87883C61AED91F700EE1BB8 /* MemeMe */,
				A87883DC1AED91F800EE1BB8 /* MemeMeTests */,
				A87883C51AED91F700EE1BB8 /* Products */,
			);
			sourceTree = "<group>";
		};
		A87883C51AED91F700EE1BB8 /* Products */ = {
			isa = PBXGroup;
			children = (
				A87883C41AED91F700EE1BB8 /* MemeMe.app */,
				A87883D91AED91F800EE1BB8 /* MemeMeTests.xctest */,
			);
			name = Products;
			sourceTree = "<group>";
		};
		A87883C61AED91F700EE1BB8 /* MemeMe */ = {
			isa = PBXGroup;
			children = (
				A89BC1551AF35A3600A5A96D /* Images */,
				A87883C91AED91F700EE1BB8 /* AppDelegate.swift */,
				A876575D1AEE2FE900D39D37 /* Meme.swift */,
				A87883CB1AED91F700EE1BB8 /* MemeTableViewController.swift */,
				A84976E71AEF5F6B00D48383 /* MemeCollectionViewController.swift */,
				A8FEB27F1AEFB7B300A8A2ED /* MemeCollectionViewCell.swift */,
				A8174EAB1AEF887800ED3CEC /* MemeDetailViewController.swift */,
				A87883E91AED92F800EE1BB8 /* MemeEditorViewController.swift */,
				A87883CD1AED91F700EE1BB8 /* Main.storyboard */,
				A87883D21AED91F700EE1BB8 /* LaunchScreen.xib */,
				A87883D01AED91F700EE1BB8 /* Images.xcassets */,
				A87883C71AED91F700EE1BB8 /* Supporting Files */,
			);
			path = MemeMe;
			sourceTree = "<group>";
		};
		A87883C71AED91F700EE1BB8 /* Supporting Files */ = {
			isa = PBXGroup;
			children = (
				A87883C81AED91F700EE1BB8 /* Info.plist */,
			);
			name = "Supporting Files";
			sourceTree = "<group>";
		};
		A87883DC1AED91F800EE1BB8 /* MemeMeTests */ = {
			isa = PBXGroup;
			children = (
				A87883DF1AED91F800EE1BB8 /* MemeMeTests.swift */,
				A87883DD1AED91F800EE1BB8 /* Supporting Files */,
			);
			path = MemeMeTests;
			sourceTree = "<group>";
		};
		A87883DD1AED91F800EE1BB8 /* Supporting Files */ = {
			isa = PBXGroup;
			children = (
				A87883DE1AED91F800EE1BB8 /* Info.plist */,
			);
			name = "Supporting Files";
			sourceTree = "<group>";
		};
		A89BC1551AF35A3600A5A96D /* Images */ = {
			isa = PBXGroup;
			children = (
				A813BCE61AEFB097009FF313 /* table_90x90.png */,
				A813BCE71AEFB097009FF313 /* table_60x60.png */,
				A813BCE81AEFB097009FF313 /* table_30x30.png */,
				A813BCE91AEFB097009FF313 /* MemeGenerator_180 copy.png */,
				A813BCEA1AEFB097009FF313 /* MemeGenerator_120 copy.png */,
				A813BCEB1AEFB097009FF313 /* LaunchImage.png */,
				A813BCEC1AEFB097009FF313 /* collection_90x90.png */,
				A813BCED1AEFB097009FF313 /* collection_60x60.png */,
				A813BCEE1AEFB097009FF313 /* collection_30x30.png */,
				A8DAE0621AF367F600383E24 /* close@2x.png */,
			);
			name = Images;
			sourceTree = "<group>";
		};
/* End PBXGroup section */

/* Begin PBXNativeTarget section */
		A87883C31AED91F700EE1BB8 /* MemeMe */ = {
			isa = PBXNativeTarget;
			buildConfigurationList = A87883E31AED91F800EE1BB8 /* Build configuration list for PBXNativeTarget "MemeMe" */;
			buildPhases = (
				A87883C01AED91F700EE1BB8 /* Sources */,
				A87883C11AED91F700EE1BB8 /* Frameworks */,
				A87883C21AED91F700EE1BB8 /* Resources */,
			);
			buildRules = (
			);
			dependencies = (
			);
			name = MemeMe;
			productName = MemeMe;
			productReference = A87883C41AED91F700EE1BB8 /* MemeMe.app */;
			productType = "com.apple.product-type.application";
		};
		A87883D81AED91F800EE1BB8 /* MemeMeTests */ = {
			isa = PBXNativeTarget;
			buildConfigurationList = A87883E61AED91F800EE1BB8 /* Build configuration list for PBXNativeTarget "MemeMeTests" */;
			buildPhases = (
				A87883D51AED91F800EE1BB8 /* Sources */,
				A87883D61AED91F800EE1BB8 /* Frameworks */,
				A87883D71AED91F800EE1BB8 /* Resources */,
			);
			buildRules = (
			);
			dependencies = (
				A87883DB1AED91F800EE1BB8 /* PBXTargetDependency */,
			);
			name = MemeMeTests;
			productName = MemeMeTests;
			productReference = A87883D91AED91F800EE1BB8 /* MemeMeTests.xctest */;
			productType = "com.apple.product-type.bundle.unit-test";
		};
/* End PBXNativeTarget section */

/* Begin PBXProject section */
		A87883BC1AED91F700EE1BB8 /* Project object */ = {
			isa = PBXProject;
			attributes = {
				LastUpgradeCheck = 0630;
				ORGANIZATIONNAME = Twelker;
				TargetAttributes = {
					A87883C31AED91F700EE1BB8 = {
						CreatedOnToolsVersion = 6.3.1;
					};
					A87883D81AED91F800EE1BB8 = {
						CreatedOnToolsVersion = 6.3.1;
						TestTargetID = A87883C31AED91F700EE1BB8;
					};
				};
			};
			buildConfigurationList = A87883BF1AED91F700EE1BB8 /* Build configuration list for PBXProject "MemeMe" */;
			compatibilityVersion = "Xcode 3.2";
			developmentRegion = English;
			hasScannedForEncodings = 0;
			knownRegions = (
				en,
				Base,
			);
			mainGroup = A87883BB1AED91F700EE1BB8;
			productRefGroup = A87883C51AED91F700EE1BB8 /* Products */;
			projectDirPath = "";
			projectRoot = "";
			targets = (
				A87883C31AED91F700EE1BB8 /* MemeMe */,
				A87883D81AED91F800EE1BB8 /* MemeMeTests */,
			);
		};
/* End PBXProject section */

/* Begin PBXResourcesBuildPhase section */
		A87883C21AED91F700EE1BB8 /* Resources */ = {
			isa = PBXResourcesBuildPhase;
			buildActionMask = 2147483647;
			files = (
				A87883CF1AED91F700EE1BB8 /* Main.storyboard in Resources */,
				A813BCF21AEFB097009FF313 /* MemeGenerator_180 copy.png in Resources */,
				A813BCF41AEFB097009FF313 /* LaunchImage.png in Resources */,
				A87883D41AED91F700EE1BB8 /* LaunchScreen.xib in Resources */,
				A813BCF71AEFB097009FF313 /* collection_30x30.png in Resources */,
				A813BCF61AEFB097009FF313 /* collection_60x60.png in Resources */,
				A87883D11AED91F700EE1BB8 /* Images.xcassets in Resources */,
				A813BCEF1AEFB097009FF313 /* table_90x90.png in Resources */,
				A813BCF31AEFB097009FF313 /* MemeGenerator_120 copy.png in Resources */,
				A8DAE0631AF367F600383E24 /* close@2x.png in Resources */,
				A813BCF01AEFB097009FF313 /* table_60x60.png in Resources */,
				A813BCF51AEFB097009FF313 /* collection_90x90.png in Resources */,
				A813BCF11AEFB097009FF313 /* table_30x30.png in Resources */,
			);
			runOnlyForDeploymentPostprocessing = 0;
		};
		A87883D71AED91F800EE1BB8 /* Resources */ = {
			isa = PBXResourcesBuildPhase;
			buildActionMask = 2147483647;
			files = (
			);
			runOnlyForDeploymentPostprocessing = 0;
		};
/* End PBXResourcesBuildPhase section */

/* Begin PBXSourcesBuildPhase section */
		A87883C01AED91F700EE1BB8 /* Sources */ = {
			isa = PBXSourcesBuildPhase;
			buildActionMask = 2147483647;
			files = (
				A87883CC1AED91F700EE1BB8 /* MemeTableViewController.swift in Sources */,
				A876575E1AEE2FE900D39D37 /* Meme.swift in Sources */,
				A84976E81AEF5F6B00D48383 /* MemeCollectionViewController.swift in Sources */,
				A8174EAC1AEF887800ED3CEC /* MemeDetailViewController.swift in Sources */,
				A8FEB2801AEFB7B300A8A2ED /* MemeCollectionViewCell.swift in Sources */,
				A87883CA1AED91F700EE1BB8 /* AppDelegate.swift in Sources */,
				A87883EA1AED92F800EE1BB8 /* MemeEditorViewController.swift in Sources */,
			);
			runOnlyForDeploymentPostprocessing = 0;
		};
		A87883D51AED91F800EE1BB8 /* Sources */ = {
			isa = PBXSourcesBuildPhase;
			buildActionMask = 2147483647;
			files = (
				A87883E01AED91F800EE1BB8 /* MemeMeTests.swift in Sources */,
			);
			runOnlyForDeploymentPostprocessing = 0;
		};
/* End PBXSourcesBuildPhase section */

/* Begin PBXTargetDependency section */
		A87883DB1AED91F800EE1BB8 /* PBXTargetDependency */ = {
			isa = PBXTargetDependency;
			target = A87883C31AED91F700EE1BB8 /* MemeMe */;
			targetProxy = A87883DA1AED91F800EE1BB8 /* PBXContainerItemProxy */;
		};
/* End PBXTargetDependency section */

/* Begin PBXVariantGroup section */
		A87883CD1AED91F700EE1BB8 /* Main.storyboard */ = {
			isa = PBXVariantGroup;
			children = (
				A87883CE1AED91F700EE1BB8 /* Base */,
			);
			name = Main.storyboard;
			sourceTree = "<group>";
		};
		A87883D21AED91F700EE1BB8 /* LaunchScreen.xib */ = {
			isa = PBXVariantGroup;
			children = (
				A87883D31AED91F700EE1BB8 /* Base */,
			);
			name = LaunchScreen.xib;
			sourceTree = "<group>";
		};
/* End PBXVariantGroup section */

/* Begin XCBuildConfiguration section */
		A87883E11AED91F800EE1BB8 /* Debug */ = {
			isa = XCBuildConfiguration;
			buildSettings = {
				ALWAYS_SEARCH_USER_PATHS = NO;
				CLANG_CXX_LANGUAGE_STANDARD = "gnu++0x";
				CLANG_CXX_LIBRARY = "libc++";
				CLANG_ENABLE_MODULES = YES;
				CLANG_ENABLE_OBJC_ARC = YES;
				CLANG_WARN_BOOL_CONVERSION = YES;
				CLANG_WARN_CONSTANT_CONVERSION = YES;
				CLANG_WARN_DIRECT_OBJC_ISA_USAGE = YES_ERROR;
				CLANG_WARN_EMPTY_BODY = YES;
				CLANG_WARN_ENUM_CONVERSION = YES;
				CLANG_WARN_INT_CONVERSION = YES;
				CLANG_WARN_OBJC_ROOT_CLASS = YES_ERROR;
				CLANG_WARN_UNREACHABLE_CODE = YES;
				CLANG_WARN__DUPLICATE_METHOD_MATCH = YES;
				"CODE_SIGN_IDENTITY[sdk=iphoneos*]" = "iPhone Developer";
				COPY_PHASE_STRIP = NO;
				DEBUG_INFORMATION_FORMAT = "dwarf-with-dsym";
				ENABLE_STRICT_OBJC_MSGSEND = YES;
				GCC_C_LANGUAGE_STANDARD = gnu99;
				GCC_DYNAMIC_NO_PIC = NO;
				GCC_NO_COMMON_BLOCKS = YES;
				GCC_OPTIMIZATION_LEVEL = 0;
				GCC_PREPROCESSOR_DEFINITIONS = (
					"DEBUG=1",
					"$(inherited)",
				);
				GCC_SYMBOLS_PRIVATE_EXTERN = NO;
				GCC_WARN_64_TO_32_BIT_CONVERSION = YES;
				GCC_WARN_ABOUT_RETURN_TYPE = YES_ERROR;
				GCC_WARN_UNDECLARED_SELECTOR = YES;
				GCC_WARN_UNINITIALIZED_AUTOS = YES_AGGRESSIVE;
				GCC_WARN_UNUSED_FUNCTION = YES;
				GCC_WARN_UNUSED_VARIABLE = YES;
				IPHONEOS_DEPLOYMENT_TARGET = 8.3;
				MTL_ENABLE_DEBUG_INFO = YES;
				ONLY_ACTIVE_ARCH = YES;
				SDKROOT = iphoneos;
				SWIFT_OPTIMIZATION_LEVEL = "-Onone";
			};
			name = Debug;
		};
		A87883E21AED91F800EE1BB8 /* Release */ = {
			isa = XCBuildConfiguration;
			buildSettings = {
				ALWAYS_SEARCH_USER_PATHS = NO;
				CLANG_CXX_LANGUAGE_STANDARD = "gnu++0x";
				CLANG_CXX_LIBRARY = "libc++";
				CLANG_ENABLE_MODULES = YES;
				CLANG_ENABLE_OBJC_ARC = YES;
				CLANG_WARN_BOOL_CONVERSION = YES;
				CLANG_WARN_CONSTANT_CONVERSION = YES;
				CLANG_WARN_DIRECT_OBJC_ISA_USAGE = YES_ERROR;
				CLANG_WARN_EMPTY_BODY = YES;
				CLANG_WARN_ENUM_CONVERSION = YES;
				CLANG_WARN_INT_CONVERSION = YES;
				CLANG_WARN_OBJC_ROOT_CLASS = YES_ERROR;
				CLANG_WARN_UNREACHABLE_CODE = YES;
				CLANG_WARN__DUPLICATE_METHOD_MATCH = YES;
				"CODE_SIGN_IDENTITY[sdk=iphoneos*]" = "iPhone Developer";
				COPY_PHASE_STRIP = NO;
				DEBUG_INFORMATION_FORMAT = "dwarf-with-dsym";
				ENABLE_NS_ASSERTIONS = NO;
				ENABLE_STRICT_OBJC_MSGSEND = YES;
				GCC_C_LANGUAGE_STANDARD = gnu99;
				GCC_NO_COMMON_BLOCKS = YES;
				GCC_WARN_64_TO_32_BIT_CONVERSION = YES;
				GCC_WARN_ABOUT_RETURN_TYPE = YES_ERROR;
				GCC_WARN_UNDECLARED_SELECTOR = YES;
				GCC_WARN_UNINITIALIZED_AUTOS = YES_AGGRESSIVE;
				GCC_WARN_UNUSED_FUNCTION = YES;
				GCC_WARN_UNUSED_VARIABLE = YES;
				IPHONEOS_DEPLOYMENT_TARGET = 8.3;
				MTL_ENABLE_DEBUG_INFO = NO;
				SDKROOT = iphoneos;
				VALIDATE_PRODUCT = YES;
			};
			name = Release;
		};
		A87883E41AED91F800EE1BB8 /* Debug */ = {
			isa = XCBuildConfiguration;
			buildSettings = {
				ASSETCATALOG_COMPILER_APPICON_NAME = AppIcon;
				INFOPLIST_FILE = MemeMe/Info.plist;
				LD_RUNPATH_SEARCH_PATHS = "$(inherited) @executable_path/Frameworks";
				PRODUCT_NAME = "$(TARGET_NAME)";
			};
			name = Debug;
		};
		A87883E51AED91F800EE1BB8 /* Release */ = {
			isa = XCBuildConfiguration;
			buildSettings = {
				ASSETCATALOG_COMPILER_APPICON_NAME = AppIcon;
				INFOPLIST_FILE = MemeMe/Info.plist;
				LD_RUNPATH_SEARCH_PATHS = "$(inherited) @executable_path/Frameworks";
				PRODUCT_NAME = "$(TARGET_NAME)";
			};
			name = Release;
		};
		A87883E71AED91F800EE1BB8 /* Debug */ = {
			isa = XCBuildConfiguration;
			buildSettings = {
				BUNDLE_LOADER = "$(TEST_HOST)";
				FRAMEWORK_SEARCH_PATHS = (
					"$(SDKROOT)/Developer/Library/Frameworks",
					"$(inherited)",
				);
				GCC_PREPROCESSOR_DEFINITIONS = (
					"DEBUG=1",
					"$(inherited)",
				);
				INFOPLIST_FILE = MemeMeTests/Info.plist;
				LD_RUNPATH_SEARCH_PATHS = "$(inherited) @executable_path/Frameworks @loader_path/Frameworks";
				PRODUCT_NAME = "$(TARGET_NAME)";
				TEST_HOST = "$(BUILT_PRODUCTS_DIR)/MemeMe.app/MemeMe";
			};
			name = Debug;
		};
		A87883E81AED91F800EE1BB8 /* Release */ = {
			isa = XCBuildConfiguration;
			buildSettings = {
				BUNDLE_LOADER = "$(TEST_HOST)";
				FRAMEWORK_SEARCH_PATHS = (
					"$(SDKROOT)/Developer/Library/Frameworks",
					"$(inherited)",
				);
				INFOPLIST_FILE = MemeMeTests/Info.plist;
				LD_RUNPATH_SEARCH_PATHS = "$(inherited) @executable_path/Frameworks @loader_path/Frameworks";
				PRODUCT_NAME = "$(TARGET_NAME)";
				TEST_HOST = "$(BUILT_PRODUCTS_DIR)/MemeMe.app/MemeMe";
			};
			name = Release;
		};
/* End XCBuildConfiguration section */

/* Begin XCConfigurationList section */
		A87883BF1AED91F700EE1BB8 /* Build configuration list for PBXProject "MemeMe" */ = {
			isa = XCConfigurationList;
			buildConfigurations = (
				A87883E11AED91F800EE1BB8 /* Debug */,
				A87883E21AED91F800EE1BB8 /* Release */,
			);
			defaultConfigurationIsVisible = 0;
			defaultConfigurationName = Release;
		};
		A87883E31AED91F800EE1BB8 /* Build configuration list for PBXNativeTarget "MemeMe" */ = {
			isa = XCConfigurationList;
			buildConfigurations = (
				A87883E41AED91F800EE1BB8 /* Debug */,
				A87883E51AED91F800EE1BB8 /* Release */,
			);
			defaultConfigurationIsVisible = 0;
			defaultConfigurationName = Release;
		};
		A87883E61AED91F800EE1BB8 /* Build configuration list for PBXNativeTarget "MemeMeTests" */ = {
			isa = XCConfigurationList;
			buildConfigurations = (
				A87883E71AED91F800EE1BB8 /* Debug */,
				A87883E81AED91F800EE1BB8 /* Release */,
			);
			defaultConfigurationIsVisible = 0;
			defaultConfigurationName = Release;
		};
/* End XCConfigurationList section */
	};
	rootObject = A87883BC1AED91F700EE1BB8 /* Project object */;
}
